
Microsoft Visual Studio Solution File, Format Version 12.00
# Visual Studio Version 17
VisualStudioVersion = 17.4.33213.308
MinimumVisualStudioVersion = 10.0.40219.1
Project("{FAE04EC0-301F-11D3-BF4B-00C04F79EFBC}") = "Global", "Global\Global.csproj", "{9625779A-B977-4C87-B918-99048B8A34AE}"
EndProject
Project("{FAE04EC0-301F-11D3-BF4B-00C04F79EFBC}") = "GlobalDemo", "GlobalDemo\GlobalDemo.csproj", "{EACE6D93-3AD0-479E-B43B-78B0BA058F43}"
EndProject
Global
	GlobalSection(SolutionConfigurationPlatforms) = preSolution
		Debug|Any CPU = Debug|Any CPU
		Release|Any CPU = Release|Any CPU
	EndGlobalSection
	GlobalSection(ProjectConfigurationPlatforms) = postSolution
		{9625779A-B977-4C87-B918-99048B8A34AE}.Debug|Any CPU.ActiveCfg = Debug|Any CPU
		{9625779A-B977-4C87-B918-99048B8A34AE}.Debug|Any CPU.Build.0 = Debug|Any CPU
		{9625779A-B977-4C87-B918-99048B8A34AE}.Release|Any CPU.ActiveCfg = Release|Any CPU
		{9625779A-B977-4C87-B918-99048B8A34AE}.Release|Any CPU.Build.0 = Release|Any CPU
		{EACE6D93-3AD0-479E-B43B-78B0BA058F43}.Debug|Any CPU.ActiveCfg = Debug|Any CPU
		{EACE6D93-3AD0-479E-B43B-78B0BA058F43}.Debug|Any CPU.Build.0 = Debug|Any CPU
		{EACE6D93-3AD0-479E-B43B-78B0BA058F43}.Release|Any CPU.ActiveCfg = Release|Any CPU
		{EACE6D93-3AD0-479E-B43B-78B0BA058F43}.Release|Any CPU.Build.0 = Release|Any CPU
	EndGlobalSection
	GlobalSection(SolutionProperties) = preSolution
		HideSolutionNode = FALSE
	EndGlobalSection
	GlobalSection(ExtensibilityGlobals) = postSolution
		SolutionGuid = {9411D532-5C7E-49E6-B47A-C96B164F55DC}
	EndGlobalSection
EndGlobal
